# Generated by pub
# See https://dart.dev/tools/pub/glossary#lockfile
packages:
  formz:
    dependency: "direct main"
    description:
      name: formz
      sha256: a58eb48d84685b7ffafac1d143bf47d585bf54c7db89fe81c175dfd6e53201c7
      url: "https://pub.dev"
    source: hosted
    version: "0.7.0"
  meta:
    dependency: transitive
    description:
      name: meta
      sha256: e3641ec5d63ebf0d9b41bd43201a66e3fc79a65db5f61fc181f04cd27aab950c
      url: "https://pub.dev"
    source: hosted
    version: "1.16.0"
sdks:
  dart: ">=3.0.0 <4.0.0"
